Microsoft Visual Studio Solution File, Format Version 12.00
# Visual Studio Version 17
VisualStudioVersion = 17.13.35913.81
MinimumVisualStudioVersion = 10.0.40219.1
Project("{FAE04EC0-301F-11D3-BF4B-00C04F79EFBC}") = "VexoraLabs", "Vexora Labs\VexoraLabs.csproj", "{F260FFF2-6563-4A21-A6E7-D800C8F863D9}"
EndProject
Project("{FAE04EC0-301F-11D3-BF4B-00C04F79EFBC}") = "VexoraAPI", "VexoraAPI\VexoraAPI.csproj", "{34B138D5-092C-48C9-93F7-B41CB5CD83D6}"
EndProject
Project("{FAE04EC0-301F-11D3-BF4B-00C04F79EFBC}") = "Vexora.Domain", "Vexora.Domain\Vexora.Domain.csproj", "{07693DEB-7F49-4134-9B1D-AFB37672217B}"
EndProject
Project("{FAE04EC0-301F-11D3-BF4B-00C04F79EFBC}") = "Vexora.Infrastructure", "Vexora.Infrastructure\Vexora.Infrastructure.csproj", "{E74FD82D-6C5D-4D12-ABE8-1FC65CEF322C}"
EndProject
Project("{FAE04EC0-301F-11D3-BF4B-00C04F79EFBC}") = "Vexora.Application", "Vexora.Application\Vexora.Application.csproj", "{3B7E1CC6-992A-49EF-8EB4-781AE559B727}"
EndProject
Global
	GlobalSection(SolutionConfigurationPlatforms) = preSolution
		Debug|Any CPU = Debug|Any CPU
		Release|Any CPU = Release|Any CPU
	EndGlobalSection
	GlobalSection(ProjectConfigurationPlatforms) = postSolution
		{F260FFF2-6563-4A21-A6E7-D800C8F863D9}.Debug|Any CPU.ActiveCfg = Debug|Any CPU
		{F260FFF2-6563-4A21-A6E7-D800C8F863D9}.Debug|Any CPU.Build.0 = Debug|Any CPU
		{F260FFF2-6563-4A21-A6E7-D800C8F863D9}.Release|Any CPU.ActiveCfg = Release|Any CPU
		{F260FFF2-6563-4A21-A6E7-D800C8F863D9}.Release|Any CPU.Build.0 = Release|Any CPU
		{34B138D5-092C-48C9-93F7-B41CB5CD83D6}.Debug|Any CPU.ActiveCfg = Debug|Any CPU
		{34B138D5-092C-48C9-93F7-B41CB5CD83D6}.Debug|Any CPU.Build.0 = Debug|Any CPU
		{34B138D5-092C-48C9-93F7-B41CB5CD83D6}.Release|Any CPU.ActiveCfg = Release|Any CPU
		{34B138D5-092C-48C9-93F7-B41CB5CD83D6}.Release|Any CPU.Build.0 = Release|Any CPU
		{07693DEB-7F49-4134-9B1D-AFB37672217B}.Debug|Any CPU.ActiveCfg = Debug|Any CPU
		{07693DEB-7F49-4134-9B1D-AFB37672217B}.Debug|Any CPU.Build.0 = Debug|Any CPU
		{07693DEB-7F49-4134-9B1D-AFB37672217B}.Release|Any CPU.ActiveCfg = Release|Any CPU
		{07693DEB-7F49-4134-9B1D-AFB37672217B}.Release|Any CPU.Build.0 = Release|Any CPU
		{E74FD82D-6C5D-4D12-ABE8-1FC65CEF322C}.Debug|Any CPU.ActiveCfg = Debug|Any CPU
		{E74FD82D-6C5D-4D12-ABE8-1FC65CEF322C}.Debug|Any CPU.Build.0 = Debug|Any CPU
		{E74FD82D-6C5D-4D12-ABE8-1FC65CEF322C}.Release|Any CPU.ActiveCfg = Release|Any CPU
		{E74FD82D-6C5D-4D12-ABE8-1FC65CEF322C}.Release|Any CPU.Build.0 = Release|Any CPU
		{3B7E1CC6-992A-49EF-8EB4-781AE559B727}.Debug|Any CPU.ActiveCfg = Debug|Any CPU
		{3B7E1CC6-992A-49EF-8EB4-781AE559B727}.Debug|Any CPU.Build.0 = Debug|Any CPU
		{3B7E1CC6-992A-49EF-8EB4-781AE559B727}.Release|Any CPU.ActiveCfg = Release|Any CPU
		{3B7E1CC6-992A-49EF-8EB4-781AE559B727}.Release|Any CPU.Build.0 = Release|Any CPU
	EndGlobalSection
	GlobalSection(SolutionProperties) = preSolution
		HideSolutionNode = FALSE
	EndGlobalSection
	GlobalSection(ExtensibilityGlobals) = postSolution
		SolutionGuid = {512846D7-3C0A-40D6-9F27-F2EB00EE8745}
	EndGlobalSection
EndGlobal
